
Microsoft Visual Studio Solution File, Format Version 12.00
# Visual Studio Version 16
VisualStudioVersion = 16.0.30523.141
MinimumVisualStudioVersion = 10.0.40219.1
Project("{FAE04EC0-301F-11D3-BF4B-00C04F79EFBC}") = "ReVision", "ReVision\ReVision.csproj", "{BAB82383-C6BA-4ED5-B765-E0DD8E2E41BD}"
EndProject
Global
	GlobalSection(SolutionConfigurationPlatforms) = preSolution
		Debug|Any CPU = Debug|Any CPU
		Release|Any CPU = Release|Any CPU
	EndGlobalSection
	GlobalSection(ProjectConfigurationPlatforms) = postSolution
		{BAB82383-C6BA-4ED5-B765-E0DD8E2E41BD}.Debug|Any CPU.ActiveCfg = Debug|Any CPU
		{BAB82383-C6BA-4ED5-B765-E0DD8E2E41BD}.Debug|Any CPU.Build.0 = Debug|Any CPU
		{BAB82383-C6BA-4ED5-B765-E0DD8E2E41BD}.Release|Any CPU.ActiveCfg = Release|Any CPU
		{BAB82383-C6BA-4ED5-B765-E0DD8E2E41BD}.Release|Any CPU.Build.0 = Release|Any CPU
	EndGlobalSection
	GlobalSection(SolutionProperties) = preSolution
		HideSolutionNode = FALSE
	EndGlobalSection
	GlobalSection(ExtensibilityGlobals) = postSolution
		SolutionGuid = {F0709E63-0E23-4EB5-A6EB-4E9B5E4A89F5}
	EndGlobalSection
EndGlobal
